
Microsoft Visual Studio Solution File, Format Version 12.00
# Visual Studio Version 17
VisualStudioVersion = 17.2.32630.192
MinimumVisualStudioVersion = 10.0.40219.1
Project("{FAE04EC0-301F-11D3-BF4B-00C04F79EFBC}") = "Project.BookingHotel", "Project.BookingHotel\Project.BookingHotel.csproj", "{6C0D4A71-6969-411F-86F7-46CDC422AAB5}"
EndProject
Project("{FAE04EC0-301F-11D3-BF4B-00C04F79EFBC}") = "Project.BookingHotel.Repository", "Project.BookingHotel.Repository\Project.BookingHotel.Repository.csproj", "{B8DDF622-7D0A-497B-ABFA-9F9B52FBDD09}"
EndProject
Project("{FAE04EC0-301F-11D3-BF4B-00C04F79EFBC}") = "Project.BookingHotel.Service", "Project.BookingHotel.Service\Project.BookingHotel.Service.csproj", "{4C58ED00-CAE6-488E-BCB4-11B80285F64D}"
EndProject
Global
	GlobalSection(SolutionConfigurationPlatforms) = preSolution
		Debug|Any CPU = Debug|Any CPU
		Release|Any CPU = Release|Any CPU
	EndGlobalSection
	GlobalSection(ProjectConfigurationPlatforms) = postSolution
		{6C0D4A71-6969-411F-86F7-46CDC422AAB5}.Debug|Any CPU.ActiveCfg = Debug|Any CPU
		{6C0D4A71-6969-411F-86F7-46CDC422AAB5}.Debug|Any CPU.Build.0 = Debug|Any CPU
		{6C0D4A71-6969-411F-86F7-46CDC422AAB5}.Release|Any CPU.ActiveCfg = Release|Any CPU
		{6C0D4A71-6969-411F-86F7-46CDC422AAB5}.Release|Any CPU.Build.0 = Release|Any CPU
		{B8DDF622-7D0A-497B-ABFA-9F9B52FBDD09}.Debug|Any CPU.ActiveCfg = Debug|Any CPU
		{B8DDF622-7D0A-497B-ABFA-9F9B52FBDD09}.Debug|Any CPU.Build.0 = Debug|Any CPU
		{B8DDF622-7D0A-497B-ABFA-9F9B52FBDD09}.Release|Any CPU.ActiveCfg = Release|Any CPU
		{B8DDF622-7D0A-497B-ABFA-9F9B52FBDD09}.Release|Any CPU.Build.0 = Release|Any CPU
		{4C58ED00-CAE6-488E-BCB4-11B80285F64D}.Debug|Any CPU.ActiveCfg = Debug|Any CPU
		{4C58ED00-CAE6-488E-BCB4-11B80285F64D}.Debug|Any CPU.Build.0 = Debug|Any CPU
		{4C58ED00-CAE6-488E-BCB4-11B80285F64D}.Release|Any CPU.ActiveCfg = Release|Any CPU
		{4C58ED00-CAE6-488E-BCB4-11B80285F64D}.Release|Any CPU.Build.0 = Release|Any CPU
	EndGlobalSection
	GlobalSection(SolutionProperties) = preSolution
		HideSolutionNode = FALSE
	EndGlobalSection
	GlobalSection(ExtensibilityGlobals) = postSolution
		SolutionGuid = {0312939C-F66B-4A4F-97AB-9B9B04F53AE3}
	EndGlobalSection
EndGlobal
